
Microsoft Visual Studio Solution File, Format Version 12.00
# Visual Studio Version 17
VisualStudioVersion = 17.9.34714.143
MinimumVisualStudioVersion = 10.0.40219.1
Project("{FAE04EC0-301F-11D3-BF4B-00C04F79EFBC}") = "Supermarket", "Supermarket\Supermarket.csproj", "{A8F0CC59-8452-47F5-B1B7-1FBAC812724E}"
EndProject
Global
	GlobalSection(SolutionConfigurationPlatforms) = preSolution
		Debug|Any CPU = Debug|Any CPU
		Release|Any CPU = Release|Any CPU
	EndGlobalSection
	GlobalSection(ProjectConfigurationPlatforms) = postSolution
		{A8F0CC59-8452-47F5-B1B7-1FBAC812724E}.Debug|Any CPU.ActiveCfg = Debug|Any CPU
		{A8F0CC59-8452-47F5-B1B7-1FBAC812724E}.Debug|Any CPU.Build.0 = Debug|Any CPU
		{A8F0CC59-8452-47F5-B1B7-1FBAC812724E}.Release|Any CPU.ActiveCfg = Release|Any CPU
		{A8F0CC59-8452-47F5-B1B7-1FBAC812724E}.Release|Any CPU.Build.0 = Release|Any CPU
	EndGlobalSection
	GlobalSection(SolutionProperties) = preSolution
		HideSolutionNode = FALSE
	EndGlobalSection
	GlobalSection(ExtensibilityGlobals) = postSolution
		SolutionGuid = {1490FAB3-25DF-466A-ADD4-D6BD4BADCFB5}
	EndGlobalSection
EndGlobal
